
Microsoft Visual Studio Solution File, Format Version 11.00
# Visual Studio 2010
Project("{FAE04EC0-301F-11D3-BF4B-00C04F79EFBC}") = "Hanzi2TGHZRibbon", "Hanzi2TGHZRibbon\Hanzi2TGHZRibbon.csproj", "{48C6F9AF-0879-4969-940D-764322B8A8AD}"
EndProject
Global
	GlobalSection(SolutionConfigurationPlatforms) = preSolution
		Debug|Any CPU = Debug|Any CPU
		Release|Any CPU = Release|Any CPU
	EndGlobalSection
	GlobalSection(ProjectConfigurationPlatforms) = postSolution
		{48C6F9AF-0879-4969-940D-764322B8A8AD}.Debug|Any CPU.ActiveCfg = Debug|Any CPU
		{48C6F9AF-0879-4969-940D-764322B8A8AD}.Debug|Any CPU.Build.0 = Debug|Any CPU
		{48C6F9AF-0879-4969-940D-764322B8A8AD}.Release|Any CPU.ActiveCfg = Release|Any CPU
		{48C6F9AF-0879-4969-940D-764322B8A8AD}.Release|Any CPU.Build.0 = Release|Any CPU
	EndGlobalSection
	GlobalSection(SolutionProperties) = preSolution
		HideSolutionNode = FALSE
	EndGlobalSection
EndGlobal
